
Microsoft Visual Studio Solution File, Format Version 12.00
# Visual Studio Version 17
VisualStudioVersion = 17.9.34714.143
MinimumVisualStudioVersion = 10.0.40219.1
Project("{9A19103F-16F7-4668-BE54-9A1E7A4F7556}") = "C1", "C1\C1.csproj", "{2E749EBD-1E23-4BA0-82F3-6E349D43C509}"
EndProject
Project("{9A19103F-16F7-4668-BE54-9A1E7A4F7556}") = "T6UR2", "T6UR2\T6UR2.csproj", "{1AD2425B-1343-4CF4-9023-6571E9C842A9}"
EndProject
Project("{9A19103F-16F7-4668-BE54-9A1E7A4F7556}") = "Thek", "Thek\Thek.csproj", "{1669BC97-B6A1-42E7-90A6-8F2CB4CB390A}"
EndProject
Project("{9A19103F-16F7-4668-BE54-9A1E7A4F7556}") = "T8U1", "T8U1\T8U1.csproj", "{20B63242-C6D4-4C20-95C7-D878A623A56D}"
EndProject
Project("{9A19103F-16F7-4668-BE54-9A1E7A4F7556}") = "T2UR1-2", "T2UR1-2\T2UR1-2.csproj", "{C8690C63-F413-46FF-9DA4-09BFED6F1E80}"
EndProject
Project("{FAE04EC0-301F-11D3-BF4B-00C04F79EFBC}") = "T10U1", "T10U1\T10U1.csproj", "{FFE856A2-8D93-4393-BA88-A533716D6019}"
EndProject
Global
	GlobalSection(SolutionConfigurationPlatforms) = preSolution
		Debug|Any CPU = Debug|Any CPU
		Release|Any CPU = Release|Any CPU
	EndGlobalSection
	GlobalSection(ProjectConfigurationPlatforms) = postSolution
		{2E749EBD-1E23-4BA0-82F3-6E349D43C509}.Debug|Any CPU.ActiveCfg = Debug|Any CPU
		{2E749EBD-1E23-4BA0-82F3-6E349D43C509}.Debug|Any CPU.Build.0 = Debug|Any CPU
		{2E749EBD-1E23-4BA0-82F3-6E349D43C509}.Release|Any CPU.ActiveCfg = Release|Any CPU
		{2E749EBD-1E23-4BA0-82F3-6E349D43C509}.Release|Any CPU.Build.0 = Release|Any CPU
		{1AD2425B-1343-4CF4-9023-6571E9C842A9}.Debug|Any CPU.ActiveCfg = Debug|Any CPU
		{1AD2425B-1343-4CF4-9023-6571E9C842A9}.Debug|Any CPU.Build.0 = Debug|Any CPU
		{1AD2425B-1343-4CF4-9023-6571E9C842A9}.Release|Any CPU.ActiveCfg = Release|Any CPU
		{1AD2425B-1343-4CF4-9023-6571E9C842A9}.Release|Any CPU.Build.0 = Release|Any CPU
		{1669BC97-B6A1-42E7-90A6-8F2CB4CB390A}.Debug|Any CPU.ActiveCfg = Debug|Any CPU
		{1669BC97-B6A1-42E7-90A6-8F2CB4CB390A}.Debug|Any CPU.Build.0 = Debug|Any CPU
		{1669BC97-B6A1-42E7-90A6-8F2CB4CB390A}.Release|Any CPU.ActiveCfg = Release|Any CPU
		{1669BC97-B6A1-42E7-90A6-8F2CB4CB390A}.Release|Any CPU.Build.0 = Release|Any CPU
		{20B63242-C6D4-4C20-95C7-D878A623A56D}.Debug|Any CPU.ActiveCfg = Debug|Any CPU
		{20B63242-C6D4-4C20-95C7-D878A623A56D}.Debug|Any CPU.Build.0 = Debug|Any CPU
		{20B63242-C6D4-4C20-95C7-D878A623A56D}.Release|Any CPU.ActiveCfg = Release|Any CPU
		{20B63242-C6D4-4C20-95C7-D878A623A56D}.Release|Any CPU.Build.0 = Release|Any CPU
		{C8690C63-F413-46FF-9DA4-09BFED6F1E80}.Debug|Any CPU.ActiveCfg = Debug|Any CPU
		{C8690C63-F413-46FF-9DA4-09BFED6F1E80}.Debug|Any CPU.Build.0 = Debug|Any CPU
		{C8690C63-F413-46FF-9DA4-09BFED6F1E80}.Release|Any CPU.ActiveCfg = Release|Any CPU
		{C8690C63-F413-46FF-9DA4-09BFED6F1E80}.Release|Any CPU.Build.0 = Release|Any CPU
		{FFE856A2-8D93-4393-BA88-A533716D6019}.Debug|Any CPU.ActiveCfg = Debug|Any CPU
		{FFE856A2-8D93-4393-BA88-A533716D6019}.Debug|Any CPU.Build.0 = Debug|Any CPU
		{FFE856A2-8D93-4393-BA88-A533716D6019}.Release|Any CPU.ActiveCfg = Release|Any CPU
		{FFE856A2-8D93-4393-BA88-A533716D6019}.Release|Any CPU.Build.0 = Release|Any CPU
	EndGlobalSection
	GlobalSection(SolutionProperties) = preSolution
		HideSolutionNode = FALSE
	EndGlobalSection
	GlobalSection(ExtensibilityGlobals) = postSolution
		SolutionGuid = {3A5B3804-E72B-432E-AFAE-74044F90A905}
	EndGlobalSection
EndGlobal
